// !$*UTF8*$!
{
	archiveVersion = 1;
	classes = {
	};
	objectVersion = 50;
	objects = {

/* Begin PBXBuildFile section */
		23067B6E2444D50D0009DB99 /* AppDelegate.m in Sources */ = {isa = PBXBuildFile; fileRef = 23067B6D2444D50D0009DB99 /* AppDelegate.m */; };
		23067B712444D50D0009DB99 /* SceneDelegate.m in Sources */ = {isa = PBXBuildFile; fileRef = 23067B702444D50D0009DB99 /* SceneDelegate.m */; };
		23067B742444D50D0009DB99 /* ViewController.m in Sources */ = {isa = PBXBuildFile; fileRef = 23067B732444D50D0009DB99 /* ViewController.m */; };
		23067B772444D50D0009DB99 /* Main.storyboard in Resources */ = {isa = PBXBuildFile; fileRef = 23067B752444D50D0009DB99 /* Main.storyboard */; };
		23067B792444D50E0009DB99 /* Assets.xcassets in Resources */ = {isa = PBXBuildFile; fileRef = 23067B782444D50E0009DB99 /* Assets.xcassets */; };
		23067B7C2444D50E0009DB99 /* LaunchScreen.storyboard in Resources */ = {isa = PBXBuildFile; fileRef = 23067B7A2444D50E0009DB99 /* LaunchScreen.storyboard */; };
		23067B7F2444D50E0009DB99 /* main.m in Sources */ = {isa = PBXBuildFile; fileRef = 23067B7E2444D50E0009DB99 /* main.m */; };
/* End PBXBuildFile section */

/* Begin PBXFileReference section */
		23067B692444D50D0009DB99 /* dancesaver.app */ = {isa = PBXFileReference; explicitFileType = wrapper.application; includeInIndex = 0; path = dancesaver.app; sourceTree = BUILT_PRODUCTS_DIR; };
		23067B6C2444D50D0009DB99 /* AppDelegate.h */ = {isa = PBXFileReference; lastKnownFileType = sourcecode.c.h; path = AppDelegate.h; sourceTree = "<group>"; };
		23067B6D2444D50D0009DB99 /* AppDelegate.m */ = {isa = PBXFileReference; lastKnownFileType = sourcecode.c.objc; path = AppDelegate.m; sourceTree = "<group>"; };
		23067B6F2444D50D0009DB99 /* SceneDelegate.h */ = {isa = PBXFileReference; lastKnownFileType = sourcecode.c.h; path = SceneDelegate.h; sourceTree = "<group>"; };
		23067B702444D50D0009DB99 /* SceneDelegate.m */ = {isa = PBXFileReference; lastKnownFileType = sourcecode.c.objc; path = SceneDelegate.m; sourceTree = "<group>"; };
		23067B722444D50D0009DB99 /* ViewController.h */ = {isa = PBXFileReference; lastKnownFileType = sourcecode.c.h; path = ViewController.h; sourceTree = "<group>"; };
		23067B732444D50D0009DB99 /* ViewController.m */ = {isa = PBXFileReference; lastKnownFileType = sourcecode.c.objc; path = ViewController.m; sourceTree = "<group>"; };
		23067B762444D50D0009DB99 /* Base */ = {isa = PBXFileReference; lastKnownFileType = file.storyboard; name = Base; path = Base.lproj/Main.storyboard; sourceTree = "<group>"; };
		23067B782444D50E0009DB99 /* Assets.xcassets */ = {isa = PBXFileReference; lastKnownFileType = folder.assetcatalog; path = Assets.xcassets; sourceTree = "<group>"; };
		23067B7B2444D50E0009DB99 /* Base */ = {isa = PBXFileReference; lastKnownFileType = file.storyboard; name = Base; path = Base.lproj/LaunchScreen.storyboard; sourceTree = "<group>"; };
		23067B7D2444D50E0009DB99 /* Info.plist */ = {isa = PBXFileReference; lastKnownFileType = text.plist.xml; path = Info.plist; sourceTree = "<group>"; };
		23067B7E2444D50E0009DB99 /* main.m */ = {isa = PBXFileReference; lastKnownFileType = sourcecode.c.objc; path = main.m; sourceTree = "<group>"; };
/* End PBXFileReference section */

/* Begin PBXFrameworksBuildPhase section */
		23067B662444D50D0009DB99 /* Frameworks */ = {
			isa = PBXFrameworksBuildPhase;
			buildActionMask = 2147483647;
			files = (
			);
			runOnlyForDeploymentPostprocessing = 0;
		};
/* End PBXFrameworksBuildPhase section */

/* Begin PBXGroup section */
		23067B602444D50D0009DB99 = {
			isa = PBXGroup;
			children = (
				23067B6B2444D50D0009DB99 /* dancesaver */,
				23067B6A2444D50D0009DB99 /* Products */,
			);
			sourceTree = "<group>";
		};
		23067B6A2444D50D0009DB99 /* Products */ = {
			isa = PBXGroup;
			children = (
				23067B692444D50D0009DB99 /* dancesaver.app */,
			);
			name = Products;
			sourceTree = "<group>";
		};
		23067B6B2444D50D0009DB99 /* dancesaver */ = {
			isa = PBXGroup;
			children = (
				23067B6C2444D50D0009DB99 /* AppDelegate.h */,
				23067B6D2444D50D0009DB99 /* AppDelegate.m */,
				23067B6F2444D50D0009DB99 /* SceneDelegate.h */,
				23067B702444D50D0009DB99 /* SceneDelegate.m */,
				23067B722444D50D0009DB99 /* ViewController.h */,
				23067B732444D50D0009DB99 /* ViewController.m */,
				23067B752444D50D0009DB99 /* Main.storyboard */,
				23067B782444D50E0009DB99 /* Assets.xcassets */,
				23067B7A2444D50E0009DB99 /* LaunchScreen.storyboard */,
				23067B7D2444D50E0009DB99 /* Info.plist */,
				23067B7E2444D50E0009DB99 /* main.m */,
			);
			path = dancesaver;
			sourceTree = "<group>";
		};
/* End PBXGroup section */

/* Begin PBXNativeTarget section */
		23067B682444D50D0009DB99 /* dancesaver */ = {
			isa = PBXNativeTarget;
			buildConfigurationList = 23067B822444D50E0009DB99 /* Build configuration list for PBXNativeTarget "dancesaver" */;
			buildPhases = (
				23067B652444D50D0009DB99 /* Sources */,
				23067B662444D50D0009DB99 /* Frameworks */,
				23067B672444D50D0009DB99 /* Resources */,
			);
			buildRules = (
			);
			dependencies = (
			);
			name = dancesaver;
			productName = dancesaver;
			productReference = 23067B692444D50D0009DB99 /* dancesaver.app */;
			productType = "com.apple.product-type.application";
		};
/* End PBXNativeTarget section */

/* Begin PBXProject section */
		23067B612444D50D0009DB99 /* Project object */ = {
			isa = PBXProject;
			attributes = {
				LastUpgradeCheck = 1140;
				ORGANIZATIONNAME = "Gabe Jacobs";
				TargetAttributes = {
					23067B682444D50D0009DB99 = {
						CreatedOnToolsVersion = 11.4;
					};
				};
			};
			buildConfigurationList = 23067B642444D50D0009DB99 /* Build configuration list for PBXProject "dancesaver" */;
			compatibilityVersion = "Xcode 9.3";
			developmentRegion = en;
			hasScannedForEncodings = 0;
			knownRegions = (
				en,
				Base,
			);
			mainGroup = 23067B602444D50D0009DB99;
			productRefGroup = 23067B6A2444D50D0009DB99 /* Products */;
			projectDirPath = "";
			projectRoot = "";
			targets = (
				23067B682444D50D0009DB99 /* dancesaver */,
			);
		};
/* End PBXProject section */

/* Begin PBXResourcesBuildPhase section */
		23067B672444D50D0009DB99 /* Resources */ = {
			isa = PBXResourcesBuildPhase;
			buildActionMask = 2147483647;
			files = (
				23067B7C2444D50E0009DB99 /* LaunchScreen.storyboard in Resources */,
				23067B792444D50E0009DB99 /* Assets.xcassets in Resources */,
				23067B772444D50D0009DB99 /* Main.storyboard in Resources */,
			);
			runOnlyForDeploymentPostprocessing = 0;
		};
/* End PBXResourcesBuildPhase section */

/* Begin PBXSourcesBuildPhase section */
		23067B652444D50D0009DB99 /* Sources */ = {
			isa = PBXSourcesBuildPhase;
			buildActionMask = 2147483647;
			files = (
				23067B742444D50D0009DB99 /* ViewController.m in Sources */,
				23067B6E2444D50D0009DB99 /* AppDelegate.m in Sources */,
				23067B7F2444D50E0009DB99 /* main.m in Sources */,
				23067B712444D50D0009DB99 /* SceneDelegate.m in Sources */,
			);
			runOnlyForDeploymentPostprocessing = 0;
		};
/* End PBXSourcesBuildPhase section */

/* Begin PBXVariantGroup section */
		23067B752444D50D0009DB99 /* Main.storyboard */ = {
			isa = PBXVariantGroup;
			children = (
				23067B762444D50D0009DB99 /* Base */,
			);
			name = Main.storyboard;
			sourceTree = "<group>";
		};
		23067B7A2444D50E0009DB99 /* LaunchScreen.storyboard */ = {
			isa = PBXVariantGroup;
			children = (
				23067B7B2444D50E0009DB99 /* Base */,
			);
			name = LaunchScreen.storyboard;
			sourceTree = "<group>";
		};
/* End PBXVariantGroup section */

/* Begin XCBuildConfiguration section */
		23067B802444D50E0009DB99 /* Debug */ = {
			isa = XCBuildConfiguration;
			buildSettings = {
				ALWAYS_SEARCH_USER_PATHS = NO;
				CLANG_ANALYZER_NONNULL = YES;
				CLANG_ANALYZER_NUMBER_OBJECT_CONVERSION = YES_AGGRESSIVE;
				CLANG_CXX_LANGUAGE_STANDARD = "gnu++14";
				CLANG_CXX_LIBRARY = "libc++";
				CLANG_ENABLE_MODULES = YES;
				CLANG_ENABLE_OBJC_ARC = YES;
				CLANG_ENABLE_OBJC_WEAK = YES;
				CLANG_WARN_BLOCK_CAPTURE_AUTORELEASING = YES;
				CLANG_WARN_BOOL_CONVERSION = YES;
				CLANG_WARN_COMMA = YES;
				CLANG_WARN_CONSTANT_CONVERSION = YES;
				CLANG_WARN_DEPRECATED_OBJC_IMPLEMENTATIONS = YES;
				CLANG_WARN_DIRECT_OBJC_ISA_USAGE = YES_ERROR;
				CLANG_WARN_DOCUMENTATION_COMMENTS = YES;
				CLANG_WARN_EMPTY_BODY = YES;
				CLANG_WARN_ENUM_CONVERSION = YES;
				CLANG_WARN_INFINITE_RECURSION = YES;
				CLANG_WARN_INT_CONVERSION = YES;
				CLANG_WARN_NON_LITERAL_NULL_CONVERSION = YES;
				CLANG_WARN_OBJC_IMPLICIT_RETAIN_SELF = YES;
				CLANG_WARN_OBJC_LITERAL_CONVERSION = YES;
				CLANG_WARN_OBJC_ROOT_CLASS = YES_ERROR;
				CLANG_WARN_RANGE_LOOP_ANALYSIS = YES;
				CLANG_WARN_STRICT_PROTOTYPES = YES;
				CLANG_WARN_SUSPICIOUS_MOVE = YES;
				CLANG_WARN_UNGUARDED_AVAILABILITY = YES_AGGRESSIVE;
				CLANG_WARN_UNREACHABLE_CODE = YES;
				CLANG_WARN__DUPLICATE_METHOD_MATCH = YES;
				COPY_PHASE_STRIP = NO;
				DEBUG_INFORMATION_FORMAT = dwarf;
				ENABLE_STRICT_OBJC_MSGSEND = YES;
				ENABLE_TESTABILITY = YES;
				GCC_C_LANGUAGE_STANDARD = gnu11;
				GCC_DYNAMIC_NO_PIC = NO;
				GCC_NO_COMMON_BLOCKS = YES;
				GCC_OPTIMIZATION_LEVEL = 0;
				GCC_PREPROCESSOR_DEFINITIONS = (
					"DEBUG=1",
					"$(inherited)",
				);
				GCC_WARN_64_TO_32_BIT_CONVERSION = YES;
				GCC_WARN_ABOUT_RETURN_TYPE = YES_ERROR;
				GCC_WARN_UNDECLARED_SELECTOR = YES;
				GCC_WARN_UNINITIALIZED_AUTOS = YES_AGGRESSIVE;
				GCC_WARN_UNUSED_FUNCTION = YES;
				GCC_WARN_UNUSED_VARIABLE = YES;
				IPHONEOS_DEPLOYMENT_TARGET = 13.4;
				MTL_ENABLE_DEBUG_INFO = INCLUDE_SOURCE;
				MTL_FAST_MATH = YES;
				ONLY_ACTIVE_ARCH = YES;
				SDKROOT = iphoneos;
			};
			name = Debug;
		};
		23067B812444D50E0009DB99 /* Release */ = {
			isa = XCBuildConfiguration;
			buildSettings = {
				ALWAYS_SEARCH_USER_PATHS = NO;
				CLANG_ANALYZER_NONNULL = YES;
				CLANG_ANALYZER_NUMBER_OBJECT_CONVERSION = YES_AGGRESSIVE;
				CLANG_CXX_LANGUAGE_STANDARD = "gnu++14";
				CLANG_CXX_LIBRARY = "libc++";
				CLANG_ENABLE_MODULES = YES;
				CLANG_ENABLE_OBJC_ARC = YES;
				CLANG_ENABLE_OBJC_WEAK = YES;
				CLANG_WARN_BLOCK_CAPTURE_AUTORELEASING = YES;
				CLANG_WARN_BOOL_CONVERSION = YES;
				CLANG_WARN_COMMA = YES;
				CLANG_WARN_CONSTANT_CONVERSION = YES;
				CLANG_WARN_DEPRECATED_OBJC_IMPLEMENTATIONS = YES;
				CLANG_WARN_DIRECT_OBJC_ISA_USAGE = YES_ERROR;
				CLANG_WARN_DOCUMENTATION_COMMENTS = YES;
				CLANG_WARN_EMPTY_BODY = YES;
				CLANG_WARN_ENUM_CONVERSION = YES;
				CLANG_WARN_INFINITE_RECURSION = YES;
				CLANG_WARN_INT_CONVERSION = YES;
				CLANG_WARN_NON_LITERAL_NULL_CONVERSION = YES;
				CLANG_WARN_OBJC_IMPLICIT_RETAIN_SELF = YES;
				CLANG_WARN_OBJC_LITERAL_CONVERSION = YES;
				CLANG_WARN_OBJC_ROOT_CLASS = YES_ERROR;
				CLANG_WARN_RANGE_LOOP_ANALYSIS = YES;
				CLANG_WARN_STRICT_PROTOTYPES = YES;
				CLANG_WARN_SUSPICIOUS_MOVE = YES;
				CLANG_WARN_UNGUARDED_AVAILABILITY = YES_AGGRESSIVE;
				CLANG_WARN_UNREACHABLE_CODE = YES;
				CLANG_WARN__DUPLICATE_METHOD_MATCH = YES;
				COPY_PHASE_STRIP = NO;
				DEBUG_INFORMATION_FORMAT = "dwarf-with-dsym";
				ENABLE_NS_ASSERTIONS = NO;
				ENABLE_STRICT_OBJC_MSGSEND = YES;
				GCC_C_LANGUAGE_STANDARD = gnu11;
				GCC_NO_COMMON_BLOCKS = YES;
				GCC_WARN_64_TO_32_BIT_CONVERSION = YES;
				GCC_WARN_ABOUT_RETURN_TYPE = YES_ERROR;
				GCC_WARN_UNDECLARED_SELECTOR = YES;
				GCC_WARN_UNINITIALIZED_AUTOS = YES_AGGRESSIVE;
				GCC_WARN_UNUSED_FUNCTION = YES;
				GCC_WARN_UNUSED_VARIABLE = YES;
				IPHONEOS_DEPLOYMENT_TARGET = 13.4;
				MTL_ENABLE_DEBUG_INFO = NO;
				MTL_FAST_MATH = YES;
				SDKROOT = iphoneos;
				VALIDATE_PRODUCT = YES;
			};
			name = Release;
		};
		23067B832444D50E0009DB99 /* Debug */ = {
			isa = XCBuildConfiguration;
			buildSettings = {
				ASSETCATALOG_COMPILER_APPICON_NAME = AppIcon;
				CODE_SIGN_STYLE = Automatic;
				DEVELOPMENT_TEAM = 3939LRJ2J8;
				INFOPLIST_FILE = dancesaver/Info.plist;
				LD_RUNPATH_SEARCH_PATHS = (
					"$(inherited)",
					"@executable_path/Frameworks",
				);
				PRODUCT_BUNDLE_IDENTIFIER = gabejacobs.dancesaver;
				PRODUCT_NAME = "$(TARGET_NAME)";
				TARGETED_DEVICE_FAMILY = "1,2";
			};
			name = Debug;
		};
		23067B842444D50E0009DB99 /* Release */ = {
			isa = XCBuildConfiguration;
			buildSettings = {
				ASSETCATALOG_COMPILER_APPICON_NAME = AppIcon;
				CODE_SIGN_STYLE = Automatic;
				DEVELOPMENT_TEAM = 3939LRJ2J8;
				INFOPLIST_FILE = dancesaver/Info.plist;
				LD_RUNPATH_SEARCH_PATHS = (
					"$(inherited)",
					"@executable_path/Frameworks",
				);
				PRODUCT_BUNDLE_IDENTIFIER = gabejacobs.dancesaver;
				PRODUCT_NAME = "$(TARGET_NAME)";
				TARGETED_DEVICE_FAMILY = "1,2";
			};
			name = Release;
		};
/* End XCBuildConfiguration section */

/* Begin XCConfigurationList section */
		23067B642444D50D0009DB99 /* Build configuration list for PBXProject "dancesaver" */ = {
			isa = XCConfigurationList;
			buildConfigurations = (
				23067B802444D50E0009DB99 /* Debug */,
				23067B812444D50E0009DB99 /* Release */,
			);
			defaultConfigurationIsVisible = 0;
			defaultConfigurationName = Release;
		};
		23067B822444D50E0009DB99 /* Build configuration list for PBXNativeTarget "dancesaver" */ = {
			isa = XCConfigurationList;
			buildConfigurations = (
				23067B832444D50E0009DB99 /* Debug */,
				23067B842444D50E0009DB99 /* Release */,
			);
			defaultConfigurationIsVisible = 0;
			defaultConfigurationName = Release;
		};
/* End XCConfigurationList section */
	};
	rootObject = 23067B612444D50D0009DB99 /* Project object */;
}
